{
  "requires": true,
  "lockfileVersion": 1,
  "dependencies": {
    "paper": {
      "version": "0.12.4",
      "resolved": "https://registry.npmjs.org/paper/-/paper-0.12.4.tgz",
      "integrity": "sha512-KypUqX2uXJZOX2j55RcgnBzK7weau9WKVCB+3e0E1Wa9yxlV7z6BsSrrJxmLNIC0pATbjcy9pJYDutQ7rIhnpQ=="
    },
    "paperjs-offset": {
      "version": "1.0.8",
      "resolved": "https://registry.npmjs.org/paperjs-offset/-/paperjs-offset-1.0.8.tgz",
      "integrity": "sha512-rUXMtHH4bTNVrCgDcu+x71qyGoPe+01yZtrPD7bowji4VfWiDWzl4EUdRxiZnG5ooPg7b07mk6jVx33hNSojaA==",
      "requires": {
        "paper": "^0.12.4"
      }
    }
  }
}
